// !$*UTF8*$!
{
	archiveVersion = 1;
	classes = {
	};
	objectVersion = 55;
	objects = {

/* Begin PBXBuildFile section */
		3D1A6A802765C84900748966 /* AppDelegate.swift in Sources */ = {isa = PBXBuildFile; fileRef = 3D1A6A7F2765C84900748966 /* AppDelegate.swift */; };
		3D1A6A892765C84900748966 /* Assets.xcassets in Resources */ = {isa = PBXBuildFile; fileRef = 3D1A6A882765C84900748966 /* Assets.xcassets */; };
		3D1A6A8C2765C84900748966 /* LaunchScreen.storyboard in Resources */ = {isa = PBXBuildFile; fileRef = 3D1A6A8A2765C84900748966 /* LaunchScreen.storyboard */; };
		3D1A6A972765C84A00748966 /* YaenaviAppTests.swift in Sources */ = {isa = PBXBuildFile; fileRef = 3D1A6A962765C84A00748966 /* YaenaviAppTests.swift */; };
		3D1A6AA12765C84A00748966 /* YaenaviAppUITests.swift in Sources */ = {isa = PBXBuildFile; fileRef = 3D1A6AA02765C84A00748966 /* YaenaviAppUITests.swift */; };
		3D1A6AA32765C84A00748966 /* YaenaviAppUITestsLaunchTests.swift in Sources */ = {isa = PBXBuildFile; fileRef = 3D1A6AA22765C84A00748966 /* YaenaviAppUITestsLaunchTests.swift */; };
		B9D0372A278C273E00152AAB /* ScheduleCell.swift in Sources */ = {isa = PBXBuildFile; fileRef = B9D03729278C273E00152AAB /* ScheduleCell.swift */; };
		B9D0372C278C275500152AAB /* UICollectionView+Extension.swift in Sources */ = {isa = PBXBuildFile; fileRef = B9D0372B278C275500152AAB /* UICollectionView+Extension.swift */; };
		B9D0372E278C277600152AAB /* UIView+Extension.swift in Sources */ = {isa = PBXBuildFile; fileRef = B9D0372D278C277600152AAB /* UIView+Extension.swift */; };
		B9D03730278C286700152AAB /* TimetableViewController.swift in Sources */ = {isa = PBXBuildFile; fileRef = B9D0372F278C286700152AAB /* TimetableViewController.swift */; };
		B9D03735278C28B200152AAB /* libTimetable.a in Frameworks */ = {isa = PBXBuildFile; fileRef = B969BDCF278C250D000B177E /* libTimetable.a */; };
		B9D0373B278C28F700152AAB /* API in Frameworks */ = {isa = PBXBuildFile; productRef = B9D0373A278C28F700152AAB /* API */; };
		B9D0373D278C319D00152AAB /* UIColor+Extension.swift in Sources */ = {isa = PBXBuildFile; fileRef = B9D0373C278C319D00152AAB /* UIColor+Extension.swift */; };
/* End PBXBuildFile section */

/* Begin PBXContainerItemProxy section */
		3D1A6A932765C84A00748966 /* PBXContainerItemProxy */ = {
			isa = PBXContainerItemProxy;
			containerPortal = 3D1A6A742765C84800748966 /* Project object */;
			proxyType = 1;
			remoteGlobalIDString = 3D1A6A7B2765C84800748966;
			remoteInfo = YaenaviApp;
		};
		3D1A6A9D2765C84A00748966 /* PBXContainerItemProxy */ = {
			isa = PBXContainerItemProxy;
			containerPortal = 3D1A6A742765C84800748966 /* Project object */;
			proxyType = 1;
			remoteGlobalIDString = 3D1A6A7B2765C84800748966;
			remoteInfo = YaenaviApp;
		};
		B9D03736278C28B200152AAB /* PBXContainerItemProxy */ = {
			isa = PBXContainerItemProxy;
			containerPortal = 3D1A6A742765C84800748966 /* Project object */;
			proxyType = 1;
			remoteGlobalIDString = B969BDCE278C250D000B177E;
			remoteInfo = Timetable;
		};
/* End PBXContainerItemProxy section */

/* Begin PBXCopyFilesBuildPhase section */
		B969BDCD278C250D000B177E /* CopyFiles */ = {
			isa = PBXCopyFilesBuildPhase;
			buildActionMask = 2147483647;
			dstPath = "include/$(PRODUCT_NAME)";
			dstSubfolderSpec = 16;
			files = (
			);
			runOnlyForDeploymentPostprocessing = 0;
		};
/* End PBXCopyFilesBuildPhase section */

/* Begin PBXFileReference section */
		3D1A6A7C2765C84900748966 /* YaenaviApp.app */ = {isa = PBXFileReference; explicitFileType = wrapper.application; includeInIndex = 0; path = YaenaviApp.app; sourceTree = BUILT_PRODUCTS_DIR; };
		3D1A6A7F2765C84900748966 /* AppDelegate.swift */ = {isa = PBXFileReference; lastKnownFileType = sourcecode.swift; path = AppDelegate.swift; sourceTree = "<group>"; };
		3D1A6A882765C84900748966 /* Assets.xcassets */ = {isa = PBXFileReference; lastKnownFileType = folder.assetcatalog; path = Assets.xcassets; sourceTree = "<group>"; };
		3D1A6A8B2765C84900748966 /* Base */ = {isa = PBXFileReference; lastKnownFileType = file.storyboard; name = Base; path = Base.lproj/LaunchScreen.storyboard; sourceTree = "<group>"; };
		3D1A6A8D2765C84900748966 /* Info.plist */ = {isa = PBXFileReference; lastKnownFileType = text.plist.xml; path = Info.plist; sourceTree = "<group>"; };
		3D1A6A922765C84A00748966 /* YaenaviAppTests.xctest */ = {isa = PBXFileReference; explicitFileType = wrapper.cfbundle; includeInIndex = 0; path = YaenaviAppTests.xctest; sourceTree = BUILT_PRODUCTS_DIR; };
		3D1A6A962765C84A00748966 /* YaenaviAppTests.swift */ = {isa = PBXFileReference; lastKnownFileType = sourcecode.swift; path = YaenaviAppTests.swift; sourceTree = "<group>"; };
		3D1A6A9C2765C84A00748966 /* YaenaviAppUITests.xctest */ = {isa = PBXFileReference; explicitFileType = wrapper.cfbundle; includeInIndex = 0; path = YaenaviAppUITests.xctest; sourceTree = BUILT_PRODUCTS_DIR; };
		3D1A6AA02765C84A00748966 /* YaenaviAppUITests.swift */ = {isa = PBXFileReference; lastKnownFileType = sourcecode.swift; path = YaenaviAppUITests.swift; sourceTree = "<group>"; };
		3D1A6AA22765C84A00748966 /* YaenaviAppUITestsLaunchTests.swift */ = {isa = PBXFileReference; lastKnownFileType = sourcecode.swift; path = YaenaviAppUITestsLaunchTests.swift; sourceTree = "<group>"; };
		3D5D133A277DE2F700668E32 /* API */ = {isa = PBXFileReference; lastKnownFileType = folder; path = API; sourceTree = "<group>"; };
		B969BDCF278C250D000B177E /* libTimetable.a */ = {isa = PBXFileReference; explicitFileType = archive.ar; includeInIndex = 0; path = libTimetable.a; sourceTree = BUILT_PRODUCTS_DIR; };
		B9D03729278C273E00152AAB /* ScheduleCell.swift */ = {isa = PBXFileReference; lastKnownFileType = sourcecode.swift; path = ScheduleCell.swift; sourceTree = "<group>"; };
		B9D0372B278C275500152AAB /* UICollectionView+Extension.swift */ = {isa = PBXFileReference; lastKnownFileType = sourcecode.swift; path = "UICollectionView+Extension.swift"; sourceTree = "<group>"; };
		B9D0372D278C277600152AAB /* UIView+Extension.swift */ = {isa = PBXFileReference; lastKnownFileType = sourcecode.swift; path = "UIView+Extension.swift"; sourceTree = "<group>"; };
		B9D0372F278C286700152AAB /* TimetableViewController.swift */ = {isa = PBXFileReference; lastKnownFileType = sourcecode.swift; path = TimetableViewController.swift; sourceTree = "<group>"; };
		B9D0373C278C319D00152AAB /* UIColor+Extension.swift */ = {isa = PBXFileReference; lastKnownFileType = sourcecode.swift; path = "UIColor+Extension.swift"; sourceTree = "<group>"; };
/* End PBXFileReference section */

/* Begin PBXFrameworksBuildPhase section */
		3D1A6A792765C84800748966 /* Frameworks */ = {
			isa = PBXFrameworksBuildPhase;
			buildActionMask = 2147483647;
			files = (
				B9D03735278C28B200152AAB /* libTimetable.a in Frameworks */,
			);
			runOnlyForDeploymentPostprocessing = 0;
		};
		3D1A6A8F2765C84A00748966 /* Frameworks */ = {
			isa = PBXFrameworksBuildPhase;
			buildActionMask = 2147483647;
			files = (
			);
			runOnlyForDeploymentPostprocessing = 0;
		};
		3D1A6A992765C84A00748966 /* Frameworks */ = {
			isa = PBXFrameworksBuildPhase;
			buildActionMask = 2147483647;
			files = (
			);
			runOnlyForDeploymentPostprocessing = 0;
		};
		B969BDCC278C250D000B177E /* Frameworks */ = {
			isa = PBXFrameworksBuildPhase;
			buildActionMask = 2147483647;
			files = (
				B9D0373B278C28F700152AAB /* API in Frameworks */,
			);
			runOnlyForDeploymentPostprocessing = 0;
		};
/* End PBXFrameworksBuildPhase section */

/* Begin PBXGroup section */
		3D1A6A732765C84800748966 = {
			isa = PBXGroup;
			children = (
				3D5D1339277DE2E100668E32 /* AppCore */,
				3D1A6A7E2765C84900748966 /* YaenaviApp */,
				3D1A6A952765C84A00748966 /* YaenaviAppTests */,
				3D1A6A9F2765C84A00748966 /* YaenaviAppUITests */,
				B969BDD0278C250D000B177E /* Timetable */,
				3D1A6A7D2765C84900748966 /* Products */,
				B9D03731278C28A000152AAB /* Frameworks */,
			);
			sourceTree = "<group>";
		};
		3D1A6A7D2765C84900748966 /* Products */ = {
			isa = PBXGroup;
			children = (
				3D1A6A7C2765C84900748966 /* YaenaviApp.app */,
				3D1A6A922765C84A00748966 /* YaenaviAppTests.xctest */,
				3D1A6A9C2765C84A00748966 /* YaenaviAppUITests.xctest */,
				B969BDCF278C250D000B177E /* libTimetable.a */,
			);
			name = Products;
			sourceTree = "<group>";
		};
		3D1A6A7E2765C84900748966 /* YaenaviApp */ = {
			isa = PBXGroup;
			children = (
				3D1A6A7F2765C84900748966 /* AppDelegate.swift */,
				3D1A6A882765C84900748966 /* Assets.xcassets */,
				3D1A6A8A2765C84900748966 /* LaunchScreen.storyboard */,
				3D1A6A8D2765C84900748966 /* Info.plist */,
			);
			path = YaenaviApp;
			sourceTree = "<group>";
		};
		3D1A6A952765C84A00748966 /* YaenaviAppTests */ = {
			isa = PBXGroup;
			children = (
				3D1A6A962765C84A00748966 /* YaenaviAppTests.swift */,
			);
			path = YaenaviAppTests;
			sourceTree = "<group>";
		};
		3D1A6A9F2765C84A00748966 /* YaenaviAppUITests */ = {
			isa = PBXGroup;
			children = (
				3D1A6AA02765C84A00748966 /* YaenaviAppUITests.swift */,
				3D1A6AA22765C84A00748966 /* YaenaviAppUITestsLaunchTests.swift */,
			);
			path = YaenaviAppUITests;
			sourceTree = "<group>";
		};
		3D5D1339277DE2E100668E32 /* AppCore */ = {
			isa = PBXGroup;
			children = (
				3D5D133A277DE2F700668E32 /* API */,
			);
			path = AppCore;
			sourceTree = "<group>";
		};
		B969BDD0278C250D000B177E /* Timetable */ = {
			isa = PBXGroup;
			children = (
				B9D03728278C270C00152AAB /* Components */,
				B9D03727278C270600152AAB /* Extensions */,
				B9D0372F278C286700152AAB /* TimetableViewController.swift */,
			);
			path = Timetable;
			sourceTree = "<group>";
		};
		B9D03727278C270600152AAB /* Extensions */ = {
			isa = PBXGroup;
			children = (
				B9D0372B278C275500152AAB /* UICollectionView+Extension.swift */,
				B9D0372D278C277600152AAB /* UIView+Extension.swift */,
				B9D0373C278C319D00152AAB /* UIColor+Extension.swift */,
			);
			path = Extensions;
			sourceTree = "<group>";
		};
		B9D03728278C270C00152AAB /* Components */ = {
			isa = PBXGroup;
			children = (
				B9D03729278C273E00152AAB /* ScheduleCell.swift */,
			);
			path = Components;
			sourceTree = "<group>";
		};
		B9D03731278C28A000152AAB /* Frameworks */ = {
			isa = PBXGroup;
			children = (
			);
			name = Frameworks;
			sourceTree = "<group>";
		};
/* End PBXGroup section */

/* Begin PBXNativeTarget section */
		3D1A6A7B2765C84800748966 /* YaenaviApp */ = {
			isa = PBXNativeTarget;
			buildConfigurationList = 3D1A6AA62765C84A00748966 /* Build configuration list for PBXNativeTarget "YaenaviApp" */;
			buildPhases = (
				3D1A6A782765C84800748966 /* Sources */,
				3D1A6A792765C84800748966 /* Frameworks */,
				3D1A6A7A2765C84800748966 /* Resources */,
			);
			buildRules = (
			);
			dependencies = (
				B9D03737278C28B200152AAB /* PBXTargetDependency */,
			);
			name = YaenaviApp;
			productName = YaenaviApp;
			productReference = 3D1A6A7C2765C84900748966 /* YaenaviApp.app */;
			productType = "com.apple.product-type.application";
		};
		3D1A6A912765C84A00748966 /* YaenaviAppTests */ = {
			isa = PBXNativeTarget;
			buildConfigurationList = 3D1A6AA92765C84A00748966 /* Build configuration list for PBXNativeTarget "YaenaviAppTests" */;
			buildPhases = (
				3D1A6A8E2765C84A00748966 /* Sources */,
				3D1A6A8F2765C84A00748966 /* Frameworks */,
				3D1A6A902765C84A00748966 /* Resources */,
			);
			buildRules = (
			);
			dependencies = (
				3D1A6A942765C84A00748966 /* PBXTargetDependency */,
			);
			name = YaenaviAppTests;
			productName = YaenaviAppTests;
			productReference = 3D1A6A922765C84A00748966 /* YaenaviAppTests.xctest */;
			productType = "com.apple.product-type.bundle.unit-test";
		};
		3D1A6A9B2765C84A00748966 /* YaenaviAppUITests */ = {
			isa = PBXNativeTarget;
			buildConfigurationList = 3D1A6AAC2765C84A00748966 /* Build configuration list for PBXNativeTarget "YaenaviAppUITests" */;
			buildPhases = (
				3D1A6A982765C84A00748966 /* Sources */,
				3D1A6A992765C84A00748966 /* Frameworks */,
				3D1A6A9A2765C84A00748966 /* Resources */,
			);
			buildRules = (
			);
			dependencies = (
				3D1A6A9E2765C84A00748966 /* PBXTargetDependency */,
			);
			name = YaenaviAppUITests;
			productName = YaenaviAppUITests;
			productReference = 3D1A6A9C2765C84A00748966 /* YaenaviAppUITests.xctest */;
			productType = "com.apple.product-type.bundle.ui-testing";
		};
		B969BDCE278C250D000B177E /* Timetable */ = {
			isa = PBXNativeTarget;
			buildConfigurationList = B969BDD5278C250D000B177E /* Build configuration list for PBXNativeTarget "Timetable" */;
			buildPhases = (
				B969BDCB278C250D000B177E /* Sources */,
				B969BDCC278C250D000B177E /* Frameworks */,
				B969BDCD278C250D000B177E /* CopyFiles */,
			);
			buildRules = (
			);
			dependencies = (
			);
			name = Timetable;
			packageProductDependencies = (
				B9D0373A278C28F700152AAB /* API */,
			);
			productName = Timetable;
			productReference = B969BDCF278C250D000B177E /* libTimetable.a */;
			productType = "com.apple.product-type.library.static";
		};
/* End PBXNativeTarget section */

/* Begin PBXProject section */
		3D1A6A742765C84800748966 /* Project object */ = {
			isa = PBXProject;
			attributes = {
				BuildIndependentTargetsInParallel = 1;
				LastSwiftUpdateCheck = 1310;
				LastUpgradeCheck = 1310;
				TargetAttributes = {
					3D1A6A7B2765C84800748966 = {
						CreatedOnToolsVersion = 13.1;
					};
					3D1A6A912765C84A00748966 = {
						CreatedOnToolsVersion = 13.1;
						TestTargetID = 3D1A6A7B2765C84800748966;
					};
					3D1A6A9B2765C84A00748966 = {
						CreatedOnToolsVersion = 13.1;
						TestTargetID = 3D1A6A7B2765C84800748966;
					};
					B969BDCE278C250D000B177E = {
						CreatedOnToolsVersion = 13.1;
						LastSwiftMigration = 1310;
					};
				};
			};
			buildConfigurationList = 3D1A6A772765C84800748966 /* Build configuration list for PBXProject "YaenaviApp" */;
			compatibilityVersion = "Xcode 13.0";
			developmentRegion = en;
			hasScannedForEncodings = 0;
			knownRegions = (
				en,
				Base,
			);
			mainGroup = 3D1A6A732765C84800748966;
			packageReferences = (
				3D5D1334277DDD7500668E32 /* XCRemoteSwiftPackageReference "Kanna" */,
				3D5D1335277DDD8C00668E32 /* XCRemoteSwiftPackageReference "RxSwift" */,
				3D5D1336277DDDB000668E32 /* XCRemoteSwiftPackageReference "Action" */,
				3D5D1337277DDDB800668E32 /* XCRemoteSwiftPackageReference "Unio" */,
			);
			productRefGroup = 3D1A6A7D2765C84900748966 /* Products */;
			projectDirPath = "";
			projectRoot = "";
			targets = (
				3D1A6A7B2765C84800748966 /* YaenaviApp */,
				3D1A6A912765C84A00748966 /* YaenaviAppTests */,
				3D1A6A9B2765C84A00748966 /* YaenaviAppUITests */,
				B969BDCE278C250D000B177E /* Timetable */,
			);
		};
/* End PBXProject section */

/* Begin PBXResourcesBuildPhase section */
		3D1A6A7A2765C84800748966 /* Resources */ = {
			isa = PBXResourcesBuildPhase;
			buildActionMask = 2147483647;
			files = (
				3D1A6A8C2765C84900748966 /* LaunchScreen.storyboard in Resources */,
				3D1A6A892765C84900748966 /* Assets.xcassets in Resources */,
			);
			runOnlyForDeploymentPostprocessing = 0;
		};
		3D1A6A902765C84A00748966 /* Resources */ = {
			isa = PBXResourcesBuildPhase;
			buildActionMask = 2147483647;
			files = (
			);
			runOnlyForDeploymentPostprocessing = 0;
		};
		3D1A6A9A2765C84A00748966 /* Resources */ = {
			isa = PBXResourcesBuildPhase;
			buildActionMask = 2147483647;
			files = (
			);
			runOnlyForDeploymentPostprocessing = 0;
		};
/* End PBXResourcesBuildPhase section */

/* Begin PBXSourcesBuildPhase section */
		3D1A6A782765C84800748966 /* Sources */ = {
			isa = PBXSourcesBuildPhase;
			buildActionMask = 2147483647;
			files = (
				3D1A6A802765C84900748966 /* AppDelegate.swift in Sources */,
			);
			runOnlyForDeploymentPostprocessing = 0;
		};
		3D1A6A8E2765C84A00748966 /* Sources */ = {
			isa = PBXSourcesBuildPhase;
			buildActionMask = 2147483647;
			files = (
				3D1A6A972765C84A00748966 /* YaenaviAppTests.swift in Sources */,
			);
			runOnlyForDeploymentPostprocessing = 0;
		};
		3D1A6A982765C84A00748966 /* Sources */ = {
			isa = PBXSourcesBuildPhase;
			buildActionMask = 2147483647;
			files = (
				3D1A6AA32765C84A00748966 /* YaenaviAppUITestsLaunchTests.swift in Sources */,
				3D1A6AA12765C84A00748966 /* YaenaviAppUITests.swift in Sources */,
			);
			runOnlyForDeploymentPostprocessing = 0;
		};
		B969BDCB278C250D000B177E /* Sources */ = {
			isa = PBXSourcesBuildPhase;
			buildActionMask = 2147483647;
			files = (
				B9D0372C278C275500152AAB /* UICollectionView+Extension.swift in Sources */,
				B9D0372A278C273E00152AAB /* ScheduleCell.swift in Sources */,
				B9D03730278C286700152AAB /* TimetableViewController.swift in Sources */,
				B9D0372E278C277600152AAB /* UIView+Extension.swift in Sources */,
				B9D0373D278C319D00152AAB /* UIColor+Extension.swift in Sources */,
			);
			runOnlyForDeploymentPostprocessing = 0;
		};
/* End PBXSourcesBuildPhase section */

/* Begin PBXTargetDependency section */
		3D1A6A942765C84A00748966 /* PBXTargetDependency */ = {
			isa = PBXTargetDependency;
			target = 3D1A6A7B2765C84800748966 /* YaenaviApp */;
			targetProxy = 3D1A6A932765C84A00748966 /* PBXContainerItemProxy */;
		};
		3D1A6A9E2765C84A00748966 /* PBXTargetDependency */ = {
			isa = PBXTargetDependency;
			target = 3D1A6A7B2765C84800748966 /* YaenaviApp */;
			targetProxy = 3D1A6A9D2765C84A00748966 /* PBXContainerItemProxy */;
		};
		B9D03737278C28B200152AAB /* PBXTargetDependency */ = {
			isa = PBXTargetDependency;
			target = B969BDCE278C250D000B177E /* Timetable */;
			targetProxy = B9D03736278C28B200152AAB /* PBXContainerItemProxy */;
		};
/* End PBXTargetDependency section */

/* Begin PBXVariantGroup section */
		3D1A6A8A2765C84900748966 /* LaunchScreen.storyboard */ = {
			isa = PBXVariantGroup;
			children = (
				3D1A6A8B2765C84900748966 /* Base */,
			);
			name = LaunchScreen.storyboard;
			sourceTree = "<group>";
		};
/* End PBXVariantGroup section */

/* Begin XCBuildConfiguration section */
		3D1A6AA42765C84A00748966 /* Debug */ = {
			isa = XCBuildConfiguration;
			buildSettings = {
				ALWAYS_SEARCH_USER_PATHS = NO;
				CLANG_ANALYZER_NONNULL = YES;
				CLANG_ANALYZER_NUMBER_OBJECT_CONVERSION = YES_AGGRESSIVE;
				CLANG_CXX_LANGUAGE_STANDARD = "gnu++17";
				CLANG_CXX_LIBRARY = "libc++";
				CLANG_ENABLE_MODULES = YES;
				CLANG_ENABLE_OBJC_ARC = YES;
				CLANG_ENABLE_OBJC_WEAK = YES;
				CLANG_WARN_BLOCK_CAPTURE_AUTORELEASING = YES;
				CLANG_WARN_BOOL_CONVERSION = YES;
				CLANG_WARN_COMMA = YES;
				CLANG_WARN_CONSTANT_CONVERSION = YES;
				CLANG_WARN_DEPRECATED_OBJC_IMPLEMENTATIONS = YES;
				CLANG_WARN_DIRECT_OBJC_ISA_USAGE = YES_ERROR;
				CLANG_WARN_DOCUMENTATION_COMMENTS = YES;
				CLANG_WARN_EMPTY_BODY = YES;
				CLANG_WARN_ENUM_CONVERSION = YES;
				CLANG_WARN_INFINITE_RECURSION = YES;
				CLANG_WARN_INT_CONVERSION = YES;
				CLANG_WARN_NON_LITERAL_NULL_CONVERSION = YES;
				CLANG_WARN_OBJC_IMPLICIT_RETAIN_SELF = YES;
				CLANG_WARN_OBJC_LITERAL_CONVERSION = YES;
				CLANG_WARN_OBJC_ROOT_CLASS = YES_ERROR;
				CLANG_WARN_QUOTED_INCLUDE_IN_FRAMEWORK_HEADER = YES;
				CLANG_WARN_RANGE_LOOP_ANALYSIS = YES;
				CLANG_WARN_STRICT_PROTOTYPES = YES;
				CLANG_WARN_SUSPICIOUS_MOVE = YES;
				CLANG_WARN_UNGUARDED_AVAILABILITY = YES_AGGRESSIVE;
				CLANG_WARN_UNREACHABLE_CODE = YES;
				CLANG_WARN__DUPLICATE_METHOD_MATCH = YES;
				COPY_PHASE_STRIP = NO;
				DEBUG_INFORMATION_FORMAT = dwarf;
				ENABLE_STRICT_OBJC_MSGSEND = YES;
				ENABLE_TESTABILITY = YES;
				GCC_C_LANGUAGE_STANDARD = gnu11;
				GCC_DYNAMIC_NO_PIC = NO;
				GCC_NO_COMMON_BLOCKS = YES;
				GCC_OPTIMIZATION_LEVEL = 0;
				GCC_PREPROCESSOR_DEFINITIONS = (
					"DEBUG=1",
					"$(inherited)",
				);
				GCC_WARN_64_TO_32_BIT_CONVERSION = YES;
				GCC_WARN_ABOUT_RETURN_TYPE = YES_ERROR;
				GCC_WARN_UNDECLARED_SELECTOR = YES;
				GCC_WARN_UNINITIALIZED_AUTOS = YES_AGGRESSIVE;
				GCC_WARN_UNUSED_FUNCTION = YES;
				GCC_WARN_UNUSED_VARIABLE = YES;
				IPHONEOS_DEPLOYMENT_TARGET = 14.0;
				MTL_ENABLE_DEBUG_INFO = INCLUDE_SOURCE;
				MTL_FAST_MATH = YES;
				ONLY_ACTIVE_ARCH = YES;
				SDKROOT = iphoneos;
				SWIFT_ACTIVE_COMPILATION_CONDITIONS = DEBUG;
				SWIFT_OPTIMIZATION_LEVEL = "-Onone";
			};
			name = Debug;
		};
		3D1A6AA52765C84A00748966 /* Release */ = {
			isa = XCBuildConfiguration;
			buildSettings = {
				ALWAYS_SEARCH_USER_PATHS = NO;
				CLANG_ANALYZER_NONNULL = YES;
				CLANG_ANALYZER_NUMBER_OBJECT_CONVERSION = YES_AGGRESSIVE;
				CLANG_CXX_LANGUAGE_STANDARD = "gnu++17";
				CLANG_CXX_LIBRARY = "libc++";
				CLANG_ENABLE_MODULES = YES;
				CLANG_ENABLE_OBJC_ARC = YES;
				CLANG_ENABLE_OBJC_WEAK = YES;
				CLANG_WARN_BLOCK_CAPTURE_AUTORELEASING = YES;
				CLANG_WARN_BOOL_CONVERSION = YES;
				CLANG_WARN_COMMA = YES;
				CLANG_WARN_CONSTANT_CONVERSION = YES;
				CLANG_WARN_DEPRECATED_OBJC_IMPLEMENTATIONS = YES;
				CLANG_WARN_DIRECT_OBJC_ISA_USAGE = YES_ERROR;
				CLANG_WARN_DOCUMENTATION_COMMENTS = YES;
				CLANG_WARN_EMPTY_BODY = YES;
				CLANG_WARN_ENUM_CONVERSION = YES;
				CLANG_WARN_INFINITE_RECURSION = YES;
				CLANG_WARN_INT_CONVERSION = YES;
				CLANG_WARN_NON_LITERAL_NULL_CONVERSION = YES;
				CLANG_WARN_OBJC_IMPLICIT_RETAIN_SELF = YES;
				CLANG_WARN_OBJC_LITERAL_CONVERSION = YES;
				CLANG_WARN_OBJC_ROOT_CLASS = YES_ERROR;
				CLANG_WARN_QUOTED_INCLUDE_IN_FRAMEWORK_HEADER = YES;
				CLANG_WARN_RANGE_LOOP_ANALYSIS = YES;
				CLANG_WARN_STRICT_PROTOTYPES = YES;
				CLANG_WARN_SUSPICIOUS_MOVE = YES;
				CLANG_WARN_UNGUARDED_AVAILABILITY = YES_AGGRESSIVE;
				CLANG_WARN_UNREACHABLE_CODE = YES;
				CLANG_WARN__DUPLICATE_METHOD_MATCH = YES;
				COPY_PHASE_STRIP = NO;
				DEBUG_INFORMATION_FORMAT = "dwarf-with-dsym";
				ENABLE_NS_ASSERTIONS = NO;
				ENABLE_STRICT_OBJC_MSGSEND = YES;
				GCC_C_LANGUAGE_STANDARD = gnu11;
				GCC_NO_COMMON_BLOCKS = YES;
				GCC_WARN_64_TO_32_BIT_CONVERSION = YES;
				GCC_WARN_ABOUT_RETURN_TYPE = YES_ERROR;
				GCC_WARN_UNDECLARED_SELECTOR = YES;
				GCC_WARN_UNINITIALIZED_AUTOS = YES_AGGRESSIVE;
				GCC_WARN_UNUSED_FUNCTION = YES;
				GCC_WARN_UNUSED_VARIABLE = YES;
				IPHONEOS_DEPLOYMENT_TARGET = 14.0;
				MTL_ENABLE_DEBUG_INFO = NO;
				MTL_FAST_MATH = YES;
				SDKROOT = iphoneos;
				SWIFT_COMPILATION_MODE = wholemodule;
				SWIFT_OPTIMIZATION_LEVEL = "-O";
				VALIDATE_PRODUCT = YES;
			};
			name = Release;
		};
		3D1A6AA72765C84A00748966 /* Debug */ = {
			isa = XCBuildConfiguration;
			buildSettings = {
				ASSETCATALOG_COMPILER_APPICON_NAME = AppIcon;
				ASSETCATALOG_COMPILER_GLOBAL_ACCENT_COLOR_NAME = AccentColor;
				CODE_SIGN_STYLE = Automatic;
				CURRENT_PROJECT_VERSION = 1;
				DEVELOPMENT_TEAM = AR55L9MQ35;
				GENERATE_INFOPLIST_FILE = YES;
				INFOPLIST_FILE = YaenaviApp/Info.plist;
				INFOPLIST_KEY_UIApplicationSupportsIndirectInputEvents = YES;
				INFOPLIST_KEY_UILaunchStoryboardName = LaunchScreen;
				INFOPLIST_KEY_UISupportedInterfaceOrientations_iPad = "UIInterfaceOrientationPortrait UIInterfaceOrientationPortraitUpsideDown UIInterfaceOrientationLandscapeLeft UIInterfaceOrientationLandscapeRight";
				INFOPLIST_KEY_UISupportedInterfaceOrientations_iPhone = "UIInterfaceOrientationPortrait UIInterfaceOrientationLandscapeLeft UIInterfaceOrientationLandscapeRight";
				LD_RUNPATH_SEARCH_PATHS = (
					"$(inherited)",
					"@executable_path/Frameworks",
				);
				MARKETING_VERSION = 1.0;
				PRODUCT_BUNDLE_IDENTIFIER = nwatabou.YaenaviApp;
				PRODUCT_NAME = "$(TARGET_NAME)";
				SWIFT_EMIT_LOC_STRINGS = YES;
				SWIFT_VERSION = 5.0;
				TARGETED_DEVICE_FAMILY = "1,2";
			};
			name = Debug;
		};
		3D1A6AA82765C84A00748966 /* Release */ = {
			isa = XCBuildConfiguration;
			buildSettings = {
				ASSETCATALOG_COMPILER_APPICON_NAME = AppIcon;
				ASSETCATALOG_COMPILER_GLOBAL_ACCENT_COLOR_NAME = AccentColor;
				CODE_SIGN_STYLE = Automatic;
				CURRENT_PROJECT_VERSION = 1;
				DEVELOPMENT_TEAM = AR55L9MQ35;
				GENERATE_INFOPLIST_FILE = YES;
				INFOPLIST_FILE = YaenaviApp/Info.plist;
				INFOPLIST_KEY_UIApplicationSupportsIndirectInputEvents = YES;
				INFOPLIST_KEY_UILaunchStoryboardName = LaunchScreen;
				INFOPLIST_KEY_UISupportedInterfaceOrientations_iPad = "UIInterfaceOrientationPortrait UIInterfaceOrientationPortraitUpsideDown UIInterfaceOrientationLandscapeLeft UIInterfaceOrientationLandscapeRight";
				INFOPLIST_KEY_UISupportedInterfaceOrientations_iPhone = "UIInterfaceOrientationPortrait UIInterfaceOrientationLandscapeLeft UIInterfaceOrientationLandscapeRight";
				LD_RUNPATH_SEARCH_PATHS = (
					"$(inherited)",
					"@executable_path/Frameworks",
				);
				MARKETING_VERSION = 1.0;
				PRODUCT_BUNDLE_IDENTIFIER = nwatabou.YaenaviApp;
				PRODUCT_NAME = "$(TARGET_NAME)";
				SWIFT_EMIT_LOC_STRINGS = YES;
				SWIFT_VERSION = 5.0;
				TARGETED_DEVICE_FAMILY = "1,2";
			};
			name = Release;
		};
		3D1A6AAA2765C84A00748966 /* Debug */ = {
			isa = XCBuildConfiguration;
			buildSettings = {
				ALWAYS_EMBED_SWIFT_STANDARD_LIBRARIES = YES;
				BUNDLE_LOADER = "$(TEST_HOST)";
				CODE_SIGN_STYLE = Automatic;
				CURRENT_PROJECT_VERSION = 1;
				DEVELOPMENT_TEAM = AR55L9MQ35;
				GENERATE_INFOPLIST_FILE = YES;
				IPHONEOS_DEPLOYMENT_TARGET = 15.0;
				LD_RUNPATH_SEARCH_PATHS = (
					"$(inherited)",
					"@executable_path/Frameworks",
					"@loader_path/Frameworks",
				);
				MARKETING_VERSION = 1.0;
				PRODUCT_BUNDLE_IDENTIFIER = nwatabou.YaenaviAppTests;
				PRODUCT_NAME = "$(TARGET_NAME)";
				SWIFT_EMIT_LOC_STRINGS = NO;
				SWIFT_VERSION = 5.0;
				TARGETED_DEVICE_FAMILY = "1,2";
				TEST_HOST = "$(BUILT_PRODUCTS_DIR)/YaenaviApp.app/YaenaviApp";
			};
			name = Debug;
		};
		3D1A6AAB2765C84A00748966 /* Release */ = {
			isa = XCBuildConfiguration;
			buildSettings = {
				ALWAYS_EMBED_SWIFT_STANDARD_LIBRARIES = YES;
				BUNDLE_LOADER = "$(TEST_HOST)";
				CODE_SIGN_STYLE = Automatic;
				CURRENT_PROJECT_VERSION = 1;
				DEVELOPMENT_TEAM = AR55L9MQ35;
				GENERATE_INFOPLIST_FILE = YES;
				IPHONEOS_DEPLOYMENT_TARGET = 15.0;
				LD_RUNPATH_SEARCH_PATHS = (
					"$(inherited)",
					"@executable_path/Frameworks",
					"@loader_path/Frameworks",
				);
				MARKETING_VERSION = 1.0;
				PRODUCT_BUNDLE_IDENTIFIER = nwatabou.YaenaviAppTests;
				PRODUCT_NAME = "$(TARGET_NAME)";
				SWIFT_EMIT_LOC_STRINGS = NO;
				SWIFT_VERSION = 5.0;
				TARGETED_DEVICE_FAMILY = "1,2";
				TEST_HOST = "$(BUILT_PRODUCTS_DIR)/YaenaviApp.app/YaenaviApp";
			};
			name = Release;
		};
		3D1A6AAD2765C84A00748966 /* Debug */ = {
			isa = XCBuildConfiguration;
			buildSettings = {
				ALWAYS_EMBED_SWIFT_STANDARD_LIBRARIES = YES;
				CODE_SIGN_STYLE = Automatic;
				CURRENT_PROJECT_VERSION = 1;
				DEVELOPMENT_TEAM = AR55L9MQ35;
				GENERATE_INFOPLIST_FILE = YES;
				LD_RUNPATH_SEARCH_PATHS = (
					"$(inherited)",
					"@executable_path/Frameworks",
					"@loader_path/Frameworks",
				);
				MARKETING_VERSION = 1.0;
				PRODUCT_BUNDLE_IDENTIFIER = nwatabou.YaenaviAppUITests;
				PRODUCT_NAME = "$(TARGET_NAME)";
				SWIFT_EMIT_LOC_STRINGS = NO;
				SWIFT_VERSION = 5.0;
				TARGETED_DEVICE_FAMILY = "1,2";
				TEST_TARGET_NAME = YaenaviApp;
			};
			name = Debug;
		};
		3D1A6AAE2765C84A00748966 /* Release */ = {
			isa = XCBuildConfiguration;
			buildSettings = {
				ALWAYS_EMBED_SWIFT_STANDARD_LIBRARIES = YES;
				CODE_SIGN_STYLE = Automatic;
				CURRENT_PROJECT_VERSION = 1;
				DEVELOPMENT_TEAM = AR55L9MQ35;
				GENERATE_INFOPLIST_FILE = YES;
				LD_RUNPATH_SEARCH_PATHS = (
					"$(inherited)",
					"@executable_path/Frameworks",
					"@loader_path/Frameworks",
				);
				MARKETING_VERSION = 1.0;
				PRODUCT_BUNDLE_IDENTIFIER = nwatabou.YaenaviAppUITests;
				PRODUCT_NAME = "$(TARGET_NAME)";
				SWIFT_EMIT_LOC_STRINGS = NO;
				SWIFT_VERSION = 5.0;
				TARGETED_DEVICE_FAMILY = "1,2";
				TEST_TARGET_NAME = YaenaviApp;
			};
			name = Release;
		};
		B969BDD3278C250D000B177E /* Debug */ = {
			isa = XCBuildConfiguration;
			buildSettings = {
				CLANG_ENABLE_MODULES = YES;
				CODE_SIGN_STYLE = Automatic;
				DEVELOPMENT_TEAM = GXEN49NFED;
				IPHONEOS_DEPLOYMENT_TARGET = 14.0;
				LD_RUNPATH_SEARCH_PATHS = (
					"$(inherited)",
					"@executable_path/Frameworks",
					"@loader_path/Frameworks",
				);
				OTHER_LDFLAGS = "-ObjC";
				PRODUCT_NAME = "$(TARGET_NAME)";
				SKIP_INSTALL = YES;
				SWIFT_OPTIMIZATION_LEVEL = "-Onone";
				SWIFT_VERSION = 5.0;
				TARGETED_DEVICE_FAMILY = "1,2";
			};
			name = Debug;
		};
		B969BDD4278C250D000B177E /* Release */ = {
			isa = XCBuildConfiguration;
			buildSettings = {
				CLANG_ENABLE_MODULES = YES;
				CODE_SIGN_STYLE = Automatic;
				DEVELOPMENT_TEAM = GXEN49NFED;
				IPHONEOS_DEPLOYMENT_TARGET = 14.0;
				LD_RUNPATH_SEARCH_PATHS = (
					"$(inherited)",
					"@executable_path/Frameworks",
					"@loader_path/Frameworks",
				);
				OTHER_LDFLAGS = "-ObjC";
				PRODUCT_NAME = "$(TARGET_NAME)";
				SKIP_INSTALL = YES;
				SWIFT_VERSION = 5.0;
				TARGETED_DEVICE_FAMILY = "1,2";
			};
			name = Release;
		};
/* End XCBuildConfiguration section */

/* Begin XCConfigurationList section */
		3D1A6A772765C84800748966 /* Build configuration list for PBXProject "YaenaviApp" */ = {
			isa = XCConfigurationList;
			buildConfigurations = (
				3D1A6AA42765C84A00748966 /* Debug */,
				3D1A6AA52765C84A00748966 /* Release */,
			);
			defaultConfigurationIsVisible = 0;
			defaultConfigurationName = Release;
		};
		3D1A6AA62765C84A00748966 /* Build configuration list for PBXNativeTarget "YaenaviApp" */ = {
			isa = XCConfigurationList;
			buildConfigurations = (
				3D1A6AA72765C84A00748966 /* Debug */,
				3D1A6AA82765C84A00748966 /* Release */,
			);
			defaultConfigurationIsVisible = 0;
			defaultConfigurationName = Release;
		};
		3D1A6AA92765C84A00748966 /* Build configuration list for PBXNativeTarget "YaenaviAppTests" */ = {
			isa = XCConfigurationList;
			buildConfigurations = (
				3D1A6AAA2765C84A00748966 /* Debug */,
				3D1A6AAB2765C84A00748966 /* Release */,
			);
			defaultConfigurationIsVisible = 0;
			defaultConfigurationName = Release;
		};
		3D1A6AAC2765C84A00748966 /* Build configuration list for PBXNativeTarget "YaenaviAppUITests" */ = {
			isa = XCConfigurationList;
			buildConfigurations = (
				3D1A6AAD2765C84A00748966 /* Debug */,
				3D1A6AAE2765C84A00748966 /* Release */,
			);
			defaultConfigurationIsVisible = 0;
			defaultConfigurationName = Release;
		};
		B969BDD5278C250D000B177E /* Build configuration list for PBXNativeTarget "Timetable" */ = {
			isa = XCConfigurationList;
			buildConfigurations = (
				B969BDD3278C250D000B177E /* Debug */,
				B969BDD4278C250D000B177E /* Release */,
			);
			defaultConfigurationIsVisible = 0;
			defaultConfigurationName = Release;
		};
/* End XCConfigurationList section */

/* Begin XCRemoteSwiftPackageReference section */
		3D5D1334277DDD7500668E32 /* XCRemoteSwiftPackageReference "Kanna" */ = {
			isa = XCRemoteSwiftPackageReference;
			repositoryURL = "https://github.com/tid-kijyun/Kanna.git";
			requirement = {
				branch = master;
				kind = branch;
			};
		};
		3D5D1335277DDD8C00668E32 /* XCRemoteSwiftPackageReference "RxSwift" */ = {
			isa = XCRemoteSwiftPackageReference;
			repositoryURL = "https://github.com/ReactiveX/RxSwift.git";
			requirement = {
				branch = main;
				kind = branch;
			};
		};
		3D5D1336277DDDB000668E32 /* XCRemoteSwiftPackageReference "Action" */ = {
			isa = XCRemoteSwiftPackageReference;
			repositoryURL = "https://github.com/RxSwiftCommunity/Action.git";
			requirement = {
				branch = master;
				kind = branch;
			};
		};
		3D5D1337277DDDB800668E32 /* XCRemoteSwiftPackageReference "Unio" */ = {
			isa = XCRemoteSwiftPackageReference;
			repositoryURL = "https://github.com/cats-oss/Unio.git";
			requirement = {
				branch = master;
				kind = branch;
			};
		};
/* End XCRemoteSwiftPackageReference section */

/* Begin XCSwiftPackageProductDependency section */
		B9D0373A278C28F700152AAB /* API */ = {
			isa = XCSwiftPackageProductDependency;
			productName = API;
		};
/* End XCSwiftPackageProductDependency section */
	};
	rootObject = 3D1A6A742765C84800748966 /* Project object */;
}
