{
  "object": {
    "pins": [
      {
        "package": "Kanna",
        "repositoryURL": "https://github.com/tid-kijyun/Kanna.git",
        "state": {
          "branch": "master",
          "revision": "bf19cf5f5fff3924cc2b63dd32732bce28b4c748",
          "version": null
        }
      }
    ]
  },
  "version": 1
}
